
Microsoft Visual Studio Solution File, Format Version 12.00
# Visual Studio Version 16
VisualStudioVersion = 16.0.30907.101
MinimumVisualStudioVersion = 10.0.40219.1
Project("{9A19103F-16F7-4668-BE54-9A1E7A4F7556}") = "AHIsLearning.SignalR.Server", "AHIsLearning.SignalR.Server\AHIsLearning.SignalR.Server.csproj", "{A2B79C08-3CED-457E-B53C-3934118E6E53}"
EndProject
Project("{9A19103F-16F7-4668-BE54-9A1E7A4F7556}") = "AHIsLearning.SignalR.BlazorClient", "AHIsLearning.SignalR.BlazorClient\AHIsLearning.SignalR.BlazorClient.csproj", "{8D3CDF67-D684-45BA-BD5E-E599FC504381}"
EndProject
Global
	GlobalSection(SolutionConfigurationPlatforms) = preSolution
		Debug|Any CPU = Debug|Any CPU
		Release|Any CPU = Release|Any CPU
	EndGlobalSection
	GlobalSection(ProjectConfigurationPlatforms) = postSolution
		{A2B79C08-3CED-457E-B53C-3934118E6E53}.Debug|Any CPU.ActiveCfg = Debug|Any CPU
		{A2B79C08-3CED-457E-B53C-3934118E6E53}.Debug|Any CPU.Build.0 = Debug|Any CPU
		{A2B79C08-3CED-457E-B53C-3934118E6E53}.Release|Any CPU.ActiveCfg = Release|Any CPU
		{A2B79C08-3CED-457E-B53C-3934118E6E53}.Release|Any CPU.Build.0 = Release|Any CPU
		{8D3CDF67-D684-45BA-BD5E-E599FC504381}.Debug|Any CPU.ActiveCfg = Debug|Any CPU
		{8D3CDF67-D684-45BA-BD5E-E599FC504381}.Debug|Any CPU.Build.0 = Debug|Any CPU
		{8D3CDF67-D684-45BA-BD5E-E599FC504381}.Release|Any CPU.ActiveCfg = Release|Any CPU
		{8D3CDF67-D684-45BA-BD5E-E599FC504381}.Release|Any CPU.Build.0 = Release|Any CPU
	EndGlobalSection
	GlobalSection(SolutionProperties) = preSolution
		HideSolutionNode = FALSE
	EndGlobalSection
	GlobalSection(ExtensibilityGlobals) = postSolution
		SolutionGuid = {6BB1825D-6D99-4AF4-A5E2-7B8D30402B6E}
	EndGlobalSection
EndGlobal
